
Microsoft Visual Studio Solution File, Format Version 12.00
# Visual Studio Version 17
VisualStudioVersion = 17.8.34408.163
MinimumVisualStudioVersion = 10.0.40219.1
Project("{FAE04EC0-301F-11D3-BF4B-00C04F79EFBC}") = "PizzaPlaceAP", "PizzaPlaceAP.csproj", "{8039BB94-C76F-4292-AA88-276F285EA4CE}"
EndProject
Global
	GlobalSection(SolutionConfigurationPlatforms) = preSolution
		Debug|Any CPU = Debug|Any CPU
		Release|Any CPU = Release|Any CPU
	EndGlobalSection
	GlobalSection(ProjectConfigurationPlatforms) = postSolution
		{8039BB94-C76F-4292-AA88-276F285EA4CE}.Debug|Any CPU.ActiveCfg = Debug|Any CPU
		{8039BB94-C76F-4292-AA88-276F285EA4CE}.Debug|Any CPU.Build.0 = Debug|Any CPU
		{8039BB94-C76F-4292-AA88-276F285EA4CE}.Release|Any CPU.ActiveCfg = Release|Any CPU
		{8039BB94-C76F-4292-AA88-276F285EA4CE}.Release|Any CPU.Build.0 = Release|Any CPU
	EndGlobalSection
	GlobalSection(SolutionProperties) = preSolution
		HideSolutionNode = FALSE
	EndGlobalSection
	GlobalSection(ExtensibilityGlobals) = postSolution
		SolutionGuid = {BE93A445-0FBA-4FAE-BBAF-15FDFA0B8DFA}
	EndGlobalSection
EndGlobal
